
Microsoft Visual Studio Solution File, Format Version 12.00
# Visual Studio Version 16
VisualStudioVersion = 16.0.30615.102
MinimumVisualStudioVersion = 10.0.40219.1
Project("{FAE04EC0-301F-11D3-BF4B-00C04F79EFBC}") = "SignalRChat.UWP", "SignalRChat.UWP\SignalRChat.UWP.csproj", "{CDC6B7A3-1F79-4DDD-9A39-66F31C022F6B}"
EndProject
Project("{FAE04EC0-301F-11D3-BF4B-00C04F79EFBC}") = "SignalRChat.Android", "SignalRChat.Android\SignalRChat.Android.csproj", "{8FFFA536-ABCC-4455-BC0D-05B30A01020B}"
EndProject
Project("{FAE04EC0-301F-11D3-BF4B-00C04F79EFBC}") = "SignalRChat.iOS", "SignalRChat.iOS\SignalRChat.iOS.csproj", "{F8829251-44A3-4C60-AD49-20773C73FAAB}"
EndProject
Project("{9A19103F-16F7-4668-BE54-9A1E7A4F7556}") = "SignalRChat", "SignalRChat\SignalRChat.csproj", "{959A9A4E-F087-4679-A175-18D03A227AA9}"
EndProject
Project("{9A19103F-16F7-4668-BE54-9A1E7A4F7556}") = "SignalRChat.Web", "SignalRChat.Web\SignalRChat.Web.csproj", "{F1A06CE4-1126-42C3-ABEA-613EB5A5D314}"
EndProject
Global
	GlobalSection(SolutionConfigurationPlatforms) = preSolution
		Debug|Any CPU = Debug|Any CPU
		Debug|ARM = Debug|ARM
		Debug|iPhone = Debug|iPhone
		Debug|iPhoneSimulator = Debug|iPhoneSimulator
		Debug|x64 = Debug|x64
		Debug|x86 = Debug|x86
		Release|Any CPU = Release|Any CPU
		Release|ARM = Release|ARM
		Release|iPhone = Release|iPhone
		Release|iPhoneSimulator = Release|iPhoneSimulator
		Release|x64 = Release|x64
		Release|x86 = Release|x86
	EndGlobalSection
	GlobalSection(ProjectConfigurationPlatforms) = postSolution
		{CDC6B7A3-1F79-4DDD-9A39-66F31C022F6B}.Debug|Any CPU.ActiveCfg = Debug|x86
		{CDC6B7A3-1F79-4DDD-9A39-66F31C022F6B}.Debug|Any CPU.Build.0 = Debug|x86
		{CDC6B7A3-1F79-4DDD-9A39-66F31C022F6B}.Debug|Any CPU.Deploy.0 = Debug|x86
		{CDC6B7A3-1F79-4DDD-9A39-66F31C022F6B}.Debug|ARM.ActiveCfg = Debug|ARM
		{CDC6B7A3-1F79-4DDD-9A39-66F31C022F6B}.Debug|ARM.Build.0 = Debug|ARM
		{CDC6B7A3-1F79-4DDD-9A39-66F31C022F6B}.Debug|ARM.Deploy.0 = Debug|ARM
		{CDC6B7A3-1F79-4DDD-9A39-66F31C022F6B}.Debug|iPhone.ActiveCfg = Debug|x86
		{CDC6B7A3-1F79-4DDD-9A39-66F31C022F6B}.Debug|iPhone.Build.0 = Debug|x86
		{CDC6B7A3-1F79-4DDD-9A39-66F31C022F6B}.Debug|iPhone.Deploy.0 = Debug|x86
		{CDC6B7A3-1F79-4DDD-9A39-66F31C022F6B}.Debug|iPhoneSimulator.ActiveCfg = Debug|x86
		{CDC6B7A3-1F79-4DDD-9A39-66F31C022F6B}.Debug|iPhoneSimulator.Build.0 = Debug|x86
		{CDC6B7A3-1F79-4DDD-9A39-66F31C022F6B}.Debug|iPhoneSimulator.Deploy.0 = Debug|x86
		{CDC6B7A3-1F79-4DDD-9A39-66F31C022F6B}.Debug|x64.ActiveCfg = Debug|x64
		{CDC6B7A3-1F79-4DDD-9A39-66F31C022F6B}.Debug|x64.Build.0 = Debug|x64
		{CDC6B7A3-1F79-4DDD-9A39-66F31C022F6B}.Debug|x64.Deploy.0 = Debug|x64
		{CDC6B7A3-1F79-4DDD-9A39-66F31C022F6B}.Debug|x86.ActiveCfg = Debug|x86
		{CDC6B7A3-1F79-4DDD-9A39-66F31C022F6B}.Debug|x86.Build.0 = Debug|x86
		{CDC6B7A3-1F79-4DDD-9A39-66F31C022F6B}.Debug|x86.Deploy.0 = Debug|x86
		{CDC6B7A3-1F79-4DDD-9A39-66F31C022F6B}.Release|Any CPU.ActiveCfg = Release|x86
		{CDC6B7A3-1F79-4DDD-9A39-66F31C022F6B}.Release|Any CPU.Build.0 = Release|x86
		{CDC6B7A3-1F79-4DDD-9A39-66F31C022F6B}.Release|Any CPU.Deploy.0 = Release|x86
		{CDC6B7A3-1F79-4DDD-9A39-66F31C022F6B}.Release|ARM.ActiveCfg = Release|ARM
		{CDC6B7A3-1F79-4DDD-9A39-66F31C022F6B}.Release|ARM.Build.0 = Release|ARM
		{CDC6B7A3-1F79-4DDD-9A39-66F31C022F6B}.Release|ARM.Deploy.0 = Release|ARM
		{CDC6B7A3-1F79-4DDD-9A39-66F31C022F6B}.Release|iPhone.ActiveCfg = Release|x86
		{CDC6B7A3-1F79-4DDD-9A39-66F31C022F6B}.Release|iPhone.Build.0 = Release|x86
		{CDC6B7A3-1F79-4DDD-9A39-66F31C022F6B}.Release|iPhone.Deploy.0 = Release|x86
		{CDC6B7A3-1F79-4DDD-9A39-66F31C022F6B}.Release|iPhoneSimulator.ActiveCfg = Release|x86
		{CDC6B7A3-1F79-4DDD-9A39-66F31C022F6B}.Release|iPhoneSimulator.Build.0 = Release|x86
		{CDC6B7A3-1F79-4DDD-9A39-66F31C022F6B}.Release|iPhoneSimulator.Deploy.0 = Release|x86
		{CDC6B7A3-1F79-4DDD-9A39-66F31C022F6B}.Release|x64.ActiveCfg = Release|x64
		{CDC6B7A3-1F79-4DDD-9A39-66F31C022F6B}.Release|x64.Build.0 = Release|x64
		{CDC6B7A3-1F79-4DDD-9A39-66F31C022F6B}.Release|x64.Deploy.0 = Release|x64
		{CDC6B7A3-1F79-4DDD-9A39-66F31C022F6B}.Release|x86.ActiveCfg = Release|x86
		{CDC6B7A3-1F79-4DDD-9A39-66F31C022F6B}.Release|x86.Build.0 = Release|x86
		{CDC6B7A3-1F79-4DDD-9A39-66F31C022F6B}.Release|x86.Deploy.0 = Release|x86
		{8FFFA536-ABCC-4455-BC0D-05B30A01020B}.Debug|Any CPU.ActiveCfg = Debug|Any CPU
		{8FFFA536-ABCC-4455-BC0D-05B30A01020B}.Debug|Any CPU.Build.0 = Debug|Any CPU
		{8FFFA536-ABCC-4455-BC0D-05B30A01020B}.Debug|Any CPU.Deploy.0 = Debug|Any CPU
		{8FFFA536-ABCC-4455-BC0D-05B30A01020B}.Debug|ARM.ActiveCfg = Debug|Any CPU
		{8FFFA536-ABCC-4455-BC0D-05B30A01020B}.Debug|ARM.Build.0 = Debug|Any CPU
		{8FFFA536-ABCC-4455-BC0D-05B30A01020B}.Debug|ARM.Deploy.0 = Debug|Any CPU
		{8FFFA536-ABCC-4455-BC0D-05B30A01020B}.Debug|iPhone.ActiveCfg = Debug|Any CPU
		{8FFFA536-ABCC-4455-BC0D-05B30A01020B}.Debug|iPhone.Build.0 = Debug|Any CPU
		{8FFFA536-ABCC-4455-BC0D-05B30A01020B}.Debug|iPhone.Deploy.0 = Debug|Any CPU
		{8FFFA536-ABCC-4455-BC0D-05B30A01020B}.Debug|iPhoneSimulator.ActiveCfg = Debug|Any CPU
		{8FFFA536-ABCC-4455-BC0D-05B30A01020B}.Debug|iPhoneSimulator.Build.0 = Debug|Any CPU
		{8FFFA536-ABCC-4455-BC0D-05B30A01020B}.Debug|iPhoneSimulator.Deploy.0 = Debug|Any CPU
		{8FFFA536-ABCC-4455-BC0D-05B30A01020B}.Debug|x64.ActiveCfg = Debug|Any CPU
		{8FFFA536-ABCC-4455-BC0D-05B30A01020B}.Debug|x64.Build.0 = Debug|Any CPU
		{8FFFA536-ABCC-4455-BC0D-05B30A01020B}.Debug|x64.Deploy.0 = Debug|Any CPU
		{8FFFA536-ABCC-4455-BC0D-05B30A01020B}.Debug|x86.ActiveCfg = Debug|Any CPU
		{8FFFA536-ABCC-4455-BC0D-05B30A01020B}.Debug|x86.Build.0 = Debug|Any CPU
		{8FFFA536-ABCC-4455-BC0D-05B30A01020B}.Debug|x86.Deploy.0 = Debug|Any CPU
		{8FFFA536-ABCC-4455-BC0D-05B30A01020B}.Release|Any CPU.ActiveCfg = Release|Any CPU
		{8FFFA536-ABCC-4455-BC0D-05B30A01020B}.Release|Any CPU.Build.0 = Release|Any CPU
		{8FFFA536-ABCC-4455-BC0D-05B30A01020B}.Release|Any CPU.Deploy.0 = Release|Any CPU
		{8FFFA536-ABCC-4455-BC0D-05B30A01020B}.Release|ARM.ActiveCfg = Release|Any CPU
		{8FFFA536-ABCC-4455-BC0D-05B30A01020B}.Release|ARM.Build.0 = Release|Any CPU
		{8FFFA536-ABCC-4455-BC0D-05B30A01020B}.Release|ARM.Deploy.0 = Release|Any CPU
		{8FFFA536-ABCC-4455-BC0D-05B30A01020B}.Release|iPhone.ActiveCfg = Release|Any CPU
		{8FFFA536-ABCC-4455-BC0D-05B30A01020B}.Release|iPhone.Build.0 = Release|Any CPU
		{8FFFA536-ABCC-4455-BC0D-05B30A01020B}.Release|iPhone.Deploy.0 = Release|Any CPU
		{8FFFA536-ABCC-4455-BC0D-05B30A01020B}.Release|iPhoneSimulator.ActiveCfg = Release|Any CPU
		{8FFFA536-ABCC-4455-BC0D-05B30A01020B}.Release|iPhoneSimulator.Build.0 = Release|Any CPU
		{8FFFA536-ABCC-4455-BC0D-05B30A01020B}.Release|iPhoneSimulator.Deploy.0 = Release|Any CPU
		{8FFFA536-ABCC-4455-BC0D-05B30A01020B}.Release|x64.ActiveCfg = Release|Any CPU
		{8FFFA536-ABCC-4455-BC0D-05B30A01020B}.Release|x64.Build.0 = Release|Any CPU
		{8FFFA536-ABCC-4455-BC0D-05B30A01020B}.Release|x64.Deploy.0 = Release|Any CPU
		{8FFFA536-ABCC-4455-BC0D-05B30A01020B}.Release|x86.ActiveCfg = Release|Any CPU
		{8FFFA536-ABCC-4455-BC0D-05B30A01020B}.Release|x86.Build.0 = Release|Any CPU
		{8FFFA536-ABCC-4455-BC0D-05B30A01020B}.Release|x86.Deploy.0 = Release|Any CPU
		{F8829251-44A3-4C60-AD49-20773C73FAAB}.Debug|Any CPU.ActiveCfg = Debug|iPhoneSimulator
		{F8829251-44A3-4C60-AD49-20773C73FAAB}.Debug|Any CPU.Build.0 = Debug|iPhoneSimulator
		{F8829251-44A3-4C60-AD49-20773C73FAAB}.Debug|Any CPU.Deploy.0 = Debug|iPhoneSimulator
		{F8829251-44A3-4C60-AD49-20773C73FAAB}.Debug|ARM.ActiveCfg = Debug|iPhone
		{F8829251-44A3-4C60-AD49-20773C73FAAB}.Debug|ARM.Build.0 = Debug|iPhone
		{F8829251-44A3-4C60-AD49-20773C73FAAB}.Debug|ARM.Deploy.0 = Debug|iPhone
		{F8829251-44A3-4C60-AD49-20773C73FAAB}.Debug|iPhone.ActiveCfg = Debug|iPhone
		{F8829251-44A3-4C60-AD49-20773C73FAAB}.Debug|iPhone.Build.0 = Debug|iPhone
		{F8829251-44A3-4C60-AD49-20773C73FAAB}.Debug|iPhone.Deploy.0 = Debug|iPhone
		{F8829251-44A3-4C60-AD49-20773C73FAAB}.Debug|iPhoneSimulator.ActiveCfg = Debug|iPhoneSimulator
		{F8829251-44A3-4C60-AD49-20773C73FAAB}.Debug|iPhoneSimulator.Build.0 = Debug|iPhoneSimulator
		{F8829251-44A3-4C60-AD49-20773C73FAAB}.Debug|iPhoneSimulator.Deploy.0 = Debug|iPhoneSimulator
		{F8829251-44A3-4C60-AD49-20773C73FAAB}.Debug|x64.ActiveCfg = Debug|iPhoneSimulator
		{F8829251-44A3-4C60-AD49-20773C73FAAB}.Debug|x64.Build.0 = Debug|iPhoneSimulator
		{F8829251-44A3-4C60-AD49-20773C73FAAB}.Debug|x64.Deploy.0 = Debug|iPhoneSimulator
		{F8829251-44A3-4C60-AD49-20773C73FAAB}.Debug|x86.ActiveCfg = Debug|iPhoneSimulator
		{F8829251-44A3-4C60-AD49-20773C73FAAB}.Debug|x86.Build.0 = Debug|iPhoneSimulator
		{F8829251-44A3-4C60-AD49-20773C73FAAB}.Debug|x86.Deploy.0 = Debug|iPhoneSimulator
		{F8829251-44A3-4C60-AD49-20773C73FAAB}.Release|Any CPU.ActiveCfg = Release|iPhoneSimulator
		{F8829251-44A3-4C60-AD49-20773C73FAAB}.Release|Any CPU.Build.0 = Release|iPhoneSimulator
		{F8829251-44A3-4C60-AD49-20773C73FAAB}.Release|Any CPU.Deploy.0 = Release|iPhoneSimulator
		{F8829251-44A3-4C60-AD49-20773C73FAAB}.Release|ARM.ActiveCfg = Release|iPhoneSimulator
		{F8829251-44A3-4C60-AD49-20773C73FAAB}.Release|ARM.Build.0 = Release|iPhoneSimulator
		{F8829251-44A3-4C60-AD49-20773C73FAAB}.Release|ARM.Deploy.0 = Release|iPhoneSimulator
		{F8829251-44A3-4C60-AD49-20773C73FAAB}.Release|iPhone.ActiveCfg = Release|iPhone
		{F8829251-44A3-4C60-AD49-20773C73FAAB}.Release|iPhone.Build.0 = Release|iPhone
		{F8829251-44A3-4C60-AD49-20773C73FAAB}.Release|iPhone.Deploy.0 = Release|iPhone
		{F8829251-44A3-4C60-AD49-20773C73FAAB}.Release|iPhoneSimulator.ActiveCfg = Release|iPhoneSimulator
		{F8829251-44A3-4C60-AD49-20773C73FAAB}.Release|iPhoneSimulator.Build.0 = Release|iPhoneSimulator
		{F8829251-44A3-4C60-AD49-20773C73FAAB}.Release|iPhoneSimulator.Deploy.0 = Release|iPhoneSimulator
		{F8829251-44A3-4C60-AD49-20773C73FAAB}.Release|x64.ActiveCfg = Release|iPhoneSimulator
		{F8829251-44A3-4C60-AD49-20773C73FAAB}.Release|x64.Build.0 = Release|iPhoneSimulator
		{F8829251-44A3-4C60-AD49-20773C73FAAB}.Release|x64.Deploy.0 = Release|iPhoneSimulator
		{F8829251-44A3-4C60-AD49-20773C73FAAB}.Release|x86.ActiveCfg = Release|iPhoneSimulator
		{F8829251-44A3-4C60-AD49-20773C73FAAB}.Release|x86.Build.0 = Release|iPhoneSimulator
		{F8829251-44A3-4C60-AD49-20773C73FAAB}.Release|x86.Deploy.0 = Release|iPhoneSimulator
		{959A9A4E-F087-4679-A175-18D03A227AA9}.Debug|Any CPU.ActiveCfg = Debug|Any CPU
		{959A9A4E-F087-4679-A175-18D03A227AA9}.Debug|Any CPU.Build.0 = Debug|Any CPU
		{959A9A4E-F087-4679-A175-18D03A227AA9}.Debug|Any CPU.Deploy.0 = Debug|Any CPU
		{959A9A4E-F087-4679-A175-18D03A227AA9}.Debug|ARM.ActiveCfg = Debug|Any CPU
		{959A9A4E-F087-4679-A175-18D03A227AA9}.Debug|ARM.Build.0 = Debug|Any CPU
		{959A9A4E-F087-4679-A175-18D03A227AA9}.Debug|ARM.Deploy.0 = Debug|Any CPU
		{959A9A4E-F087-4679-A175-18D03A227AA9}.Debug|iPhone.ActiveCfg = Debug|Any CPU
		{959A9A4E-F087-4679-A175-18D03A227AA9}.Debug|iPhone.Build.0 = Debug|Any CPU
		{959A9A4E-F087-4679-A175-18D03A227AA9}.Debug|iPhone.Deploy.0 = Debug|Any CPU
		{959A9A4E-F087-4679-A175-18D03A227AA9}.Debug|iPhoneSimulator.ActiveCfg = Debug|Any CPU
		{959A9A4E-F087-4679-A175-18D03A227AA9}.Debug|iPhoneSimulator.Build.0 = Debug|Any CPU
		{959A9A4E-F087-4679-A175-18D03A227AA9}.Debug|iPhoneSimulator.Deploy.0 = Debug|Any CPU
		{959A9A4E-F087-4679-A175-18D03A227AA9}.Debug|x64.ActiveCfg = Debug|Any CPU
		{959A9A4E-F087-4679-A175-18D03A227AA9}.Debug|x64.Build.0 = Debug|Any CPU
		{959A9A4E-F087-4679-A175-18D03A227AA9}.Debug|x64.Deploy.0 = Debug|Any CPU
		{959A9A4E-F087-4679-A175-18D03A227AA9}.Debug|x86.ActiveCfg = Debug|Any CPU
		{959A9A4E-F087-4679-A175-18D03A227AA9}.Debug|x86.Build.0 = Debug|Any CPU
		{959A9A4E-F087-4679-A175-18D03A227AA9}.Debug|x86.Deploy.0 = Debug|Any CPU
		{959A9A4E-F087-4679-A175-18D03A227AA9}.Release|Any CPU.ActiveCfg = Release|Any CPU
		{959A9A4E-F087-4679-A175-18D03A227AA9}.Release|Any CPU.Build.0 = Release|Any CPU
		{959A9A4E-F087-4679-A175-18D03A227AA9}.Release|Any CPU.Deploy.0 = Release|Any CPU
		{959A9A4E-F087-4679-A175-18D03A227AA9}.Release|ARM.ActiveCfg = Release|Any CPU
		{959A9A4E-F087-4679-A175-18D03A227AA9}.Release|ARM.Build.0 = Release|Any CPU
		{959A9A4E-F087-4679-A175-18D03A227AA9}.Release|ARM.Deploy.0 = Release|Any CPU
		{959A9A4E-F087-4679-A175-18D03A227AA9}.Release|iPhone.ActiveCfg = Release|Any CPU
		{959A9A4E-F087-4679-A175-18D03A227AA9}.Release|iPhone.Build.0 = Release|Any CPU
		{959A9A4E-F087-4679-A175-18D03A227AA9}.Release|iPhone.Deploy.0 = Release|Any CPU
		{959A9A4E-F087-4679-A175-18D03A227AA9}.Release|iPhoneSimulator.ActiveCfg = Release|Any CPU
		{959A9A4E-F087-4679-A175-18D03A227AA9}.Release|iPhoneSimulator.Build.0 = Release|Any CPU
		{959A9A4E-F087-4679-A175-18D03A227AA9}.Release|iPhoneSimulator.Deploy.0 = Release|Any CPU
		{959A9A4E-F087-4679-A175-18D03A227AA9}.Release|x64.ActiveCfg = Release|Any CPU
		{959A9A4E-F087-4679-A175-18D03A227AA9}.Release|x64.Build.0 = Release|Any CPU
		{959A9A4E-F087-4679-A175-18D03A227AA9}.Release|x64.Deploy.0 = Release|Any CPU
		{959A9A4E-F087-4679-A175-18D03A227AA9}.Release|x86.ActiveCfg = Release|Any CPU
		{959A9A4E-F087-4679-A175-18D03A227AA9}.Release|x86.Build.0 = Release|Any CPU
		{959A9A4E-F087-4679-A175-18D03A227AA9}.Release|x86.Deploy.0 = Release|Any CPU
		{F1A06CE4-1126-42C3-ABEA-613EB5A5D314}.Debug|Any CPU.ActiveCfg = Debug|Any CPU
		{F1A06CE4-1126-42C3-ABEA-613EB5A5D314}.Debug|Any CPU.Build.0 = Debug|Any CPU
		{F1A06CE4-1126-42C3-ABEA-613EB5A5D314}.Debug|ARM.ActiveCfg = Debug|Any CPU
		{F1A06CE4-1126-42C3-ABEA-613EB5A5D314}.Debug|ARM.Build.0 = Debug|Any CPU
		{F1A06CE4-1126-42C3-ABEA-613EB5A5D314}.Debug|iPhone.ActiveCfg = Debug|Any CPU
		{F1A06CE4-1126-42C3-ABEA-613EB5A5D314}.Debug|iPhone.Build.0 = Debug|Any CPU
		{F1A06CE4-1126-42C3-ABEA-613EB5A5D314}.Debug|iPhoneSimulator.ActiveCfg = Debug|Any CPU
		{F1A06CE4-1126-42C3-ABEA-613EB5A5D314}.Debug|iPhoneSimulator.Build.0 = Debug|Any CPU
		{F1A06CE4-1126-42C3-ABEA-613EB5A5D314}.Debug|x64.ActiveCfg = Debug|Any CPU
		{F1A06CE4-1126-42C3-ABEA-613EB5A5D314}.Debug|x64.Build.0 = Debug|Any CPU
		{F1A06CE4-1126-42C3-ABEA-613EB5A5D314}.Debug|x86.ActiveCfg = Debug|Any CPU
		{F1A06CE4-1126-42C3-ABEA-613EB5A5D314}.Debug|x86.Build.0 = Debug|Any CPU
		{F1A06CE4-1126-42C3-ABEA-613EB5A5D314}.Release|Any CPU.ActiveCfg = Release|Any CPU
		{F1A06CE4-1126-42C3-ABEA-613EB5A5D314}.Release|Any CPU.Build.0 = Release|Any CPU
		{F1A06CE4-1126-42C3-ABEA-613EB5A5D314}.Release|ARM.ActiveCfg = Release|Any CPU
		{F1A06CE4-1126-42C3-ABEA-613EB5A5D314}.Release|ARM.Build.0 = Release|Any CPU
		{F1A06CE4-1126-42C3-ABEA-613EB5A5D314}.Release|iPhone.ActiveCfg = Release|Any CPU
		{F1A06CE4-1126-42C3-ABEA-613EB5A5D314}.Release|iPhone.Build.0 = Release|Any CPU
		{F1A06CE4-1126-42C3-ABEA-613EB5A5D314}.Release|iPhoneSimulator.ActiveCfg = Release|Any CPU
		{F1A06CE4-1126-42C3-ABEA-613EB5A5D314}.Release|iPhoneSimulator.Build.0 = Release|Any CPU
		{F1A06CE4-1126-42C3-ABEA-613EB5A5D314}.Release|x64.ActiveCfg = Release|Any CPU
		{F1A06CE4-1126-42C3-ABEA-613EB5A5D314}.Release|x64.Build.0 = Release|Any CPU
		{F1A06CE4-1126-42C3-ABEA-613EB5A5D314}.Release|x86.ActiveCfg = Release|Any CPU
		{F1A06CE4-1126-42C3-ABEA-613EB5A5D314}.Release|x86.Build.0 = Release|Any CPU
	EndGlobalSection
	GlobalSection(SolutionProperties) = preSolution
		HideSolutionNode = FALSE
	EndGlobalSection
	GlobalSection(ExtensibilityGlobals) = postSolution
		SolutionGuid = {3FE893E6-CD2D-40D2-B960-B02CE036F3E8}
	EndGlobalSection
EndGlobal
